
Microsoft Visual Studio Solution File, Format Version 12.00
# Visual Studio Version 17
VisualStudioVersion = 17.3.32929.385
MinimumVisualStudioVersion = 10.0.40219.1
Project("{9A19103F-16F7-4668-BE54-9A1E7A4F7556}") = "nigel-lambdasimple", "nigel-lambdasimple.csproj", "{71402F3A-7D76-468C-958F-319DDA46685C}"
EndProject
Global
	GlobalSection(SolutionConfigurationPlatforms) = preSolution
		Debug|Any CPU = Debug|Any CPU
		Release|Any CPU = Release|Any CPU
	EndGlobalSection
	GlobalSection(ProjectConfigurationPlatforms) = postSolution
		{71402F3A-7D76-468C-958F-319DDA46685C}.Debug|Any CPU.ActiveCfg = Debug|Any CPU
		{71402F3A-7D76-468C-958F-319DDA46685C}.Debug|Any CPU.Build.0 = Debug|Any CPU
		{71402F3A-7D76-468C-958F-319DDA46685C}.Release|Any CPU.ActiveCfg = Release|Any CPU
		{71402F3A-7D76-468C-958F-319DDA46685C}.Release|Any CPU.Build.0 = Release|Any CPU
	EndGlobalSection
	GlobalSection(SolutionProperties) = preSolution
		HideSolutionNode = FALSE
	EndGlobalSection
	GlobalSection(ExtensibilityGlobals) = postSolution
		SolutionGuid = {064FAC57-90AD-49F4-80F5-2593919362D9}
	EndGlobalSection
EndGlobal
